{
  "object": {
    "pins": [
      {
        "package": "ThirdPartyMailer",
        "repositoryURL": "https://github.com/vtourraine/ThirdPartyMailer.git",
        "state": {
          "branch": "master",
          "revision": "5b81c6a38cb9852dff0f87689853b87e3d614798",
          "version": null
        }
      }
    ]
  },
  "version": 1
}
