{
  "object": {
    "pins": [
      {
        "package": "ThirdPartyMailer",
        "repositoryURL": "https://github.com/vtourraine/ThirdPartyMailer.git",
        "state": {
          "branch": "master",
          "revision": "d80abfdbf1d17d51242da925000562b4cc35f183",
          "version": null
        }
      }
    ]
  },
  "version": 1
}
