// !$*UTF8*$!
{
	archiveVersion = 1;
	classes = {
	};
	objectVersion = 51;
	objects = {

/* Begin PBXBuildFile section */
		4308FD77230ADD7E000A8BD0 /* InfoPlist.strings in Resources */ = {isa = PBXBuildFile; fileRef = 4308FD75230ADD7E000A8BD0 /* InfoPlist.strings */; };
		43109487230AC9020071F3A5 /* Localizable.strings in Resources */ = {isa = PBXBuildFile; fileRef = 43109489230AC9020071F3A5 /* Localizable.strings */; };
		431A3D8D22EC496B002D6026 /* QuizViewController.swift in Sources */ = {isa = PBXBuildFile; fileRef = 431A3D8C22EC496B002D6026 /* QuizViewController.swift */; };
		432DED9B22E1F28D00DFA074 /* AppDelegate.swift in Sources */ = {isa = PBXBuildFile; fileRef = 432DED9A22E1F28D00DFA074 /* AppDelegate.swift */; };
		432DED9D22E1F28D00DFA074 /* MapViewController.swift in Sources */ = {isa = PBXBuildFile; fileRef = 432DED9C22E1F28D00DFA074 /* MapViewController.swift */; };
		432DEDA222E1F28D00DFA074 /* Main.storyboard in Resources */ = {isa = PBXBuildFile; fileRef = 432DEDA022E1F28D00DFA074 /* Main.storyboard */; };
		432DEDA422E1F28E00DFA074 /* Assets.xcassets in Resources */ = {isa = PBXBuildFile; fileRef = 432DEDA322E1F28E00DFA074 /* Assets.xcassets */; };
		432DEDA722E1F28E00DFA074 /* LaunchScreen.storyboard in Resources */ = {isa = PBXBuildFile; fileRef = 432DEDA522E1F28E00DFA074 /* LaunchScreen.storyboard */; };
		432DEDB222E1F28E00DFA074 /* GeoCapTests.swift in Sources */ = {isa = PBXBuildFile; fileRef = 432DEDB122E1F28E00DFA074 /* GeoCapTests.swift */; };
		432DEDBD22E1F28E00DFA074 /* GeoCapUITests.swift in Sources */ = {isa = PBXBuildFile; fileRef = 432DEDBC22E1F28E00DFA074 /* GeoCapUITests.swift */; };
		43615CAE23072E5F003FC839 /* ProfileViewController.swift in Sources */ = {isa = PBXBuildFile; fileRef = 43615CAD23072E5F003FC839 /* ProfileViewController.swift */; };
		43D0268D22E314AF00A0C255 /* AuthViewController.swift in Sources */ = {isa = PBXBuildFile; fileRef = 43D0268C22E314AF00A0C255 /* AuthViewController.swift */; };
		43D6284322FDAD1800F72317 /* LeaderboardViewController.swift in Sources */ = {isa = PBXBuildFile; fileRef = 43D6284222FDAD1800F72317 /* LeaderboardViewController.swift */; };
		43D7A12B22F2D49700552D2C /* Question.swift in Sources */ = {isa = PBXBuildFile; fileRef = 43D7A12A22F2D49700552D2C /* Question.swift */; };
		43D7A12D22F2F11900552D2C /* Extensions.swift in Sources */ = {isa = PBXBuildFile; fileRef = 43D7A12C22F2F11900552D2C /* Extensions.swift */; };
		43E5CF7522E5A81B00DBED2E /* Location.swift in Sources */ = {isa = PBXBuildFile; fileRef = 43E5CF7422E5A81B00DBED2E /* Location.swift */; };
		43F8CFEE22F8064000824778 /* GoogleService-Info.plist in Resources */ = {isa = PBXBuildFile; fileRef = 43F8CFED22F8064000824778 /* GoogleService-Info.plist */; };
		870886EF1D0A0A8EEC8A68FA /* Pods_GeoCap.framework in Frameworks */ = {isa = PBXBuildFile; fileRef = 9F90EB683AD76A4332A5DEB3 /* Pods_GeoCap.framework */; };
		AC5F0FF066A47DCDD63C951A /* Pods_GeoCapUITests.framework in Frameworks */ = {isa = PBXBuildFile; fileRef = D11DE2A27D21A59A50050A4C /* Pods_GeoCapUITests.framework */; };
		CDE28A3986113DFA399D64AE /* Pods_GeoCapTests.framework in Frameworks */ = {isa = PBXBuildFile; fileRef = 6F0FD6CA53273032B66F9D88 /* Pods_GeoCapTests.framework */; };
/* End PBXBuildFile section */

/* Begin PBXContainerItemProxy section */
		432DEDAE22E1F28E00DFA074 /* PBXContainerItemProxy */ = {
			isa = PBXContainerItemProxy;
			containerPortal = 432DED8F22E1F28D00DFA074 /* Project object */;
			proxyType = 1;
			remoteGlobalIDString = 432DED9622E1F28D00DFA074;
			remoteInfo = GeoCap;
		};
		432DEDB922E1F28E00DFA074 /* PBXContainerItemProxy */ = {
			isa = PBXContainerItemProxy;
			containerPortal = 432DED8F22E1F28D00DFA074 /* Project object */;
			proxyType = 1;
			remoteGlobalIDString = 432DED9622E1F28D00DFA074;
			remoteInfo = GeoCap;
		};
/* End PBXContainerItemProxy section */

/* Begin PBXFileReference section */
		1CB1574DE0F1D41ABC35D57A /* Pods-GeoCapTests.release.xcconfig */ = {isa = PBXFileReference; includeInIndex = 1; lastKnownFileType = text.xcconfig; name = "Pods-GeoCapTests.release.xcconfig"; path = "Target Support Files/Pods-GeoCapTests/Pods-GeoCapTests.release.xcconfig"; sourceTree = "<group>"; };
		4308FD76230ADD7E000A8BD0 /* sv */ = {isa = PBXFileReference; lastKnownFileType = text.plist.strings; name = sv; path = sv.lproj/InfoPlist.strings; sourceTree = "<group>"; };
		43109478230AA4FF0071F3A5 /* sv */ = {isa = PBXFileReference; lastKnownFileType = text.plist.strings; name = sv; path = sv.lproj/Main.strings; sourceTree = "<group>"; };
		43109488230AC9020071F3A5 /* en */ = {isa = PBXFileReference; lastKnownFileType = text.plist.strings; name = en; path = en.lproj/Localizable.strings; sourceTree = "<group>"; };
		4310948A230AC9040071F3A5 /* sv */ = {isa = PBXFileReference; lastKnownFileType = text.plist.strings; name = sv; path = sv.lproj/Localizable.strings; sourceTree = "<group>"; };
		431A3D8C22EC496B002D6026 /* QuizViewController.swift */ = {isa = PBXFileReference; lastKnownFileType = sourcecode.swift; path = QuizViewController.swift; sourceTree = "<group>"; };
		432DED9722E1F28D00DFA074 /* GeoCap.app */ = {isa = PBXFileReference; explicitFileType = wrapper.application; includeInIndex = 0; path = GeoCap.app; sourceTree = BUILT_PRODUCTS_DIR; };
		432DED9A22E1F28D00DFA074 /* AppDelegate.swift */ = {isa = PBXFileReference; lastKnownFileType = sourcecode.swift; path = AppDelegate.swift; sourceTree = "<group>"; };
		432DED9C22E1F28D00DFA074 /* MapViewController.swift */ = {isa = PBXFileReference; lastKnownFileType = sourcecode.swift; path = MapViewController.swift; sourceTree = "<group>"; };
		432DEDA122E1F28D00DFA074 /* Base */ = {isa = PBXFileReference; lastKnownFileType = file.storyboard; name = Base; path = Base.lproj/Main.storyboard; sourceTree = "<group>"; };
		432DEDA322E1F28E00DFA074 /* Assets.xcassets */ = {isa = PBXFileReference; lastKnownFileType = folder.assetcatalog; path = Assets.xcassets; sourceTree = "<group>"; };
		432DEDA622E1F28E00DFA074 /* Base */ = {isa = PBXFileReference; lastKnownFileType = file.storyboard; name = Base; path = Base.lproj/LaunchScreen.storyboard; sourceTree = "<group>"; };
		432DEDA822E1F28E00DFA074 /* Info.plist */ = {isa = PBXFileReference; lastKnownFileType = text.plist.xml; path = Info.plist; sourceTree = "<group>"; };
		432DEDAD22E1F28E00DFA074 /* GeoCapTests.xctest */ = {isa = PBXFileReference; explicitFileType = wrapper.cfbundle; includeInIndex = 0; path = GeoCapTests.xctest; sourceTree = BUILT_PRODUCTS_DIR; };
		432DEDB122E1F28E00DFA074 /* GeoCapTests.swift */ = {isa = PBXFileReference; lastKnownFileType = sourcecode.swift; path = GeoCapTests.swift; sourceTree = "<group>"; };
		432DEDB322E1F28E00DFA074 /* Info.plist */ = {isa = PBXFileReference; lastKnownFileType = text.plist.xml; path = Info.plist; sourceTree = "<group>"; };
		432DEDB822E1F28E00DFA074 /* GeoCapUITests.xctest */ = {isa = PBXFileReference; explicitFileType = wrapper.cfbundle; includeInIndex = 0; path = GeoCapUITests.xctest; sourceTree = BUILT_PRODUCTS_DIR; };
		432DEDBC22E1F28E00DFA074 /* GeoCapUITests.swift */ = {isa = PBXFileReference; lastKnownFileType = sourcecode.swift; path = GeoCapUITests.swift; sourceTree = "<group>"; };
		432DEDBE22E1F28E00DFA074 /* Info.plist */ = {isa = PBXFileReference; lastKnownFileType = text.plist.xml; path = Info.plist; sourceTree = "<group>"; };
		43615CAD23072E5F003FC839 /* ProfileViewController.swift */ = {isa = PBXFileReference; lastKnownFileType = sourcecode.swift; path = ProfileViewController.swift; sourceTree = "<group>"; };
		436DF17C2303EA1E00DCA268 /* GeoCap.entitlements */ = {isa = PBXFileReference; lastKnownFileType = text.plist.entitlements; path = GeoCap.entitlements; sourceTree = "<group>"; };
		43D0268C22E314AF00A0C255 /* AuthViewController.swift */ = {isa = PBXFileReference; lastKnownFileType = sourcecode.swift; path = AuthViewController.swift; sourceTree = "<group>"; };
		43D6284222FDAD1800F72317 /* LeaderboardViewController.swift */ = {isa = PBXFileReference; lastKnownFileType = sourcecode.swift; path = LeaderboardViewController.swift; sourceTree = "<group>"; };
		43D7A12A22F2D49700552D2C /* Question.swift */ = {isa = PBXFileReference; lastKnownFileType = sourcecode.swift; path = Question.swift; sourceTree = "<group>"; };
		43D7A12C22F2F11900552D2C /* Extensions.swift */ = {isa = PBXFileReference; lastKnownFileType = sourcecode.swift; path = Extensions.swift; sourceTree = "<group>"; };
		43E5CF7422E5A81B00DBED2E /* Location.swift */ = {isa = PBXFileReference; lastKnownFileType = sourcecode.swift; path = Location.swift; sourceTree = "<group>"; };
		43F8CFED22F8064000824778 /* GoogleService-Info.plist */ = {isa = PBXFileReference; fileEncoding = 4; lastKnownFileType = text.plist.xml; path = "GoogleService-Info.plist"; sourceTree = "<group>"; };
		48885E039B9EF0540DBCEA8A /* Pods-GeoCapUITests.debug.xcconfig */ = {isa = PBXFileReference; includeInIndex = 1; lastKnownFileType = text.xcconfig; name = "Pods-GeoCapUITests.debug.xcconfig"; path = "Target Support Files/Pods-GeoCapUITests/Pods-GeoCapUITests.debug.xcconfig"; sourceTree = "<group>"; };
		6F0FD6CA53273032B66F9D88 /* Pods_GeoCapTests.framework */ = {isa = PBXFileReference; explicitFileType = wrapper.framework; includeInIndex = 0; path = Pods_GeoCapTests.framework; sourceTree = BUILT_PRODUCTS_DIR; };
		9359028A237B8370B9E6A7E4 /* Pods-GeoCapUITests.release.xcconfig */ = {isa = PBXFileReference; includeInIndex = 1; lastKnownFileType = text.xcconfig; name = "Pods-GeoCapUITests.release.xcconfig"; path = "Target Support Files/Pods-GeoCapUITests/Pods-GeoCapUITests.release.xcconfig"; sourceTree = "<group>"; };
		9F90EB683AD76A4332A5DEB3 /* Pods_GeoCap.framework */ = {isa = PBXFileReference; explicitFileType = wrapper.framework; includeInIndex = 0; path = Pods_GeoCap.framework; sourceTree = BUILT_PRODUCTS_DIR; };
		A4B70B7749D2C4F7E71E820D /* Pods-GeoCap.debug.xcconfig */ = {isa = PBXFileReference; includeInIndex = 1; lastKnownFileType = text.xcconfig; name = "Pods-GeoCap.debug.xcconfig"; path = "Target Support Files/Pods-GeoCap/Pods-GeoCap.debug.xcconfig"; sourceTree = "<group>"; };
		B77FED62B589C3E94D6FC9FF /* Pods-GeoCap.release.xcconfig */ = {isa = PBXFileReference; includeInIndex = 1; lastKnownFileType = text.xcconfig; name = "Pods-GeoCap.release.xcconfig"; path = "Target Support Files/Pods-GeoCap/Pods-GeoCap.release.xcconfig"; sourceTree = "<group>"; };
		D11DE2A27D21A59A50050A4C /* Pods_GeoCapUITests.framework */ = {isa = PBXFileReference; explicitFileType = wrapper.framework; includeInIndex = 0; path = Pods_GeoCapUITests.framework; sourceTree = BUILT_PRODUCTS_DIR; };
		E037D898D302A90A489BDC09 /* Pods-GeoCapTests.debug.xcconfig */ = {isa = PBXFileReference; includeInIndex = 1; lastKnownFileType = text.xcconfig; name = "Pods-GeoCapTests.debug.xcconfig"; path = "Target Support Files/Pods-GeoCapTests/Pods-GeoCapTests.debug.xcconfig"; sourceTree = "<group>"; };
/* End PBXFileReference section */

/* Begin PBXFrameworksBuildPhase section */
		432DED9422E1F28D00DFA074 /* Frameworks */ = {
			isa = PBXFrameworksBuildPhase;
			buildActionMask = 2147483647;
			files = (
				870886EF1D0A0A8EEC8A68FA /* Pods_GeoCap.framework in Frameworks */,
			);
			runOnlyForDeploymentPostprocessing = 0;
		};
		432DEDAA22E1F28E00DFA074 /* Frameworks */ = {
			isa = PBXFrameworksBuildPhase;
			buildActionMask = 2147483647;
			files = (
				CDE28A3986113DFA399D64AE /* Pods_GeoCapTests.framework in Frameworks */,
			);
			runOnlyForDeploymentPostprocessing = 0;
		};
		432DEDB522E1F28E00DFA074 /* Frameworks */ = {
			isa = PBXFrameworksBuildPhase;
			buildActionMask = 2147483647;
			files = (
				AC5F0FF066A47DCDD63C951A /* Pods_GeoCapUITests.framework in Frameworks */,
			);
			runOnlyForDeploymentPostprocessing = 0;
		};
/* End PBXFrameworksBuildPhase section */

/* Begin PBXGroup section */
		432DED8E22E1F28D00DFA074 = {
			isa = PBXGroup;
			children = (
				432DED9922E1F28D00DFA074 /* GeoCap */,
				432DEDB022E1F28E00DFA074 /* GeoCapTests */,
				432DEDBB22E1F28E00DFA074 /* GeoCapUITests */,
				432DED9822E1F28D00DFA074 /* Products */,
				CC5FC2C2DE6274E88033E11C /* Pods */,
				8C06367070EC0B91C0517455 /* Frameworks */,
			);
			sourceTree = "<group>";
		};
		432DED9822E1F28D00DFA074 /* Products */ = {
			isa = PBXGroup;
			children = (
				432DED9722E1F28D00DFA074 /* GeoCap.app */,
				432DEDAD22E1F28E00DFA074 /* GeoCapTests.xctest */,
				432DEDB822E1F28E00DFA074 /* GeoCapUITests.xctest */,
			);
			name = Products;
			sourceTree = "<group>";
		};
		432DED9922E1F28D00DFA074 /* GeoCap */ = {
			isa = PBXGroup;
			children = (
				432DEDA022E1F28D00DFA074 /* Main.storyboard */,
				43D6284222FDAD1800F72317 /* LeaderboardViewController.swift */,
				43E5CF7422E5A81B00DBED2E /* Location.swift */,
				432DED9C22E1F28D00DFA074 /* MapViewController.swift */,
				43615CAD23072E5F003FC839 /* ProfileViewController.swift */,
				43D0268C22E314AF00A0C255 /* AuthViewController.swift */,
				431A3D8C22EC496B002D6026 /* QuizViewController.swift */,
				43D7A12A22F2D49700552D2C /* Question.swift */,
				43D7A12C22F2F11900552D2C /* Extensions.swift */,
				432DED9A22E1F28D00DFA074 /* AppDelegate.swift */,
				432DEDA822E1F28E00DFA074 /* Info.plist */,
				4308FD75230ADD7E000A8BD0 /* InfoPlist.strings */,
				43109489230AC9020071F3A5 /* Localizable.strings */,
				43F8CFED22F8064000824778 /* GoogleService-Info.plist */,
				436DF17C2303EA1E00DCA268 /* GeoCap.entitlements */,
				432DEDA522E1F28E00DFA074 /* LaunchScreen.storyboard */,
				432DEDA322E1F28E00DFA074 /* Assets.xcassets */,
			);
			path = GeoCap;
			sourceTree = "<group>";
		};
		432DEDB022E1F28E00DFA074 /* GeoCapTests */ = {
			isa = PBXGroup;
			children = (
				432DEDB122E1F28E00DFA074 /* GeoCapTests.swift */,
				432DEDB322E1F28E00DFA074 /* Info.plist */,
			);
			path = GeoCapTests;
			sourceTree = "<group>";
		};
		432DEDBB22E1F28E00DFA074 /* GeoCapUITests */ = {
			isa = PBXGroup;
			children = (
				432DEDBC22E1F28E00DFA074 /* GeoCapUITests.swift */,
				432DEDBE22E1F28E00DFA074 /* Info.plist */,
			);
			path = GeoCapUITests;
			sourceTree = "<group>";
		};
		8C06367070EC0B91C0517455 /* Frameworks */ = {
			isa = PBXGroup;
			children = (
				9F90EB683AD76A4332A5DEB3 /* Pods_GeoCap.framework */,
				6F0FD6CA53273032B66F9D88 /* Pods_GeoCapTests.framework */,
				D11DE2A27D21A59A50050A4C /* Pods_GeoCapUITests.framework */,
			);
			name = Frameworks;
			sourceTree = "<group>";
		};
		CC5FC2C2DE6274E88033E11C /* Pods */ = {
			isa = PBXGroup;
			children = (
				A4B70B7749D2C4F7E71E820D /* Pods-GeoCap.debug.xcconfig */,
				B77FED62B589C3E94D6FC9FF /* Pods-GeoCap.release.xcconfig */,
				E037D898D302A90A489BDC09 /* Pods-GeoCapTests.debug.xcconfig */,
				1CB1574DE0F1D41ABC35D57A /* Pods-GeoCapTests.release.xcconfig */,
				48885E039B9EF0540DBCEA8A /* Pods-GeoCapUITests.debug.xcconfig */,
				9359028A237B8370B9E6A7E4 /* Pods-GeoCapUITests.release.xcconfig */,
			);
			path = Pods;
			sourceTree = "<group>";
		};
/* End PBXGroup section */

/* Begin PBXNativeTarget section */
		432DED9622E1F28D00DFA074 /* GeoCap */ = {
			isa = PBXNativeTarget;
			buildConfigurationList = 432DEDC122E1F28E00DFA074 /* Build configuration list for PBXNativeTarget "GeoCap" */;
			buildPhases = (
				D64086C64344CF6DDCF687D5 /* [CP] Check Pods Manifest.lock */,
				432DED9322E1F28D00DFA074 /* Sources */,
				432DED9422E1F28D00DFA074 /* Frameworks */,
				432DED9522E1F28D00DFA074 /* Resources */,
				9A75A8B76EB53CB96027B60E /* [CP] Embed Pods Frameworks */,
				2FEAAB61C8058657AB7B0BB3 /* [CP] Copy Pods Resources */,
			);
			buildRules = (
			);
			dependencies = (
			);
			name = GeoCap;
			productName = GeoCap;
			productReference = 432DED9722E1F28D00DFA074 /* GeoCap.app */;
			productType = "com.apple.product-type.application";
		};
		432DEDAC22E1F28E00DFA074 /* GeoCapTests */ = {
			isa = PBXNativeTarget;
			buildConfigurationList = 432DEDC422E1F28E00DFA074 /* Build configuration list for PBXNativeTarget "GeoCapTests" */;
			buildPhases = (
				ABABFA1E312951CC98DFC9A0 /* [CP] Check Pods Manifest.lock */,
				432DEDA922E1F28E00DFA074 /* Sources */,
				432DEDAA22E1F28E00DFA074 /* Frameworks */,
				432DEDAB22E1F28E00DFA074 /* Resources */,
			);
			buildRules = (
			);
			dependencies = (
				432DEDAF22E1F28E00DFA074 /* PBXTargetDependency */,
			);
			name = GeoCapTests;
			productName = GeoCapTests;
			productReference = 432DEDAD22E1F28E00DFA074 /* GeoCapTests.xctest */;
			productType = "com.apple.product-type.bundle.unit-test";
		};
		432DEDB722E1F28E00DFA074 /* GeoCapUITests */ = {
			isa = PBXNativeTarget;
			buildConfigurationList = 432DEDC722E1F28E00DFA074 /* Build configuration list for PBXNativeTarget "GeoCapUITests" */;
			buildPhases = (
				C89860F1559DE3AF9A335C22 /* [CP] Check Pods Manifest.lock */,
				432DEDB422E1F28E00DFA074 /* Sources */,
				432DEDB522E1F28E00DFA074 /* Frameworks */,
				432DEDB622E1F28E00DFA074 /* Resources */,
			);
			buildRules = (
			);
			dependencies = (
				432DEDBA22E1F28E00DFA074 /* PBXTargetDependency */,
			);
			name = GeoCapUITests;
			productName = GeoCapUITests;
			productReference = 432DEDB822E1F28E00DFA074 /* GeoCapUITests.xctest */;
			productType = "com.apple.product-type.bundle.ui-testing";
		};
/* End PBXNativeTarget section */

/* Begin PBXProject section */
		432DED8F22E1F28D00DFA074 /* Project object */ = {
			isa = PBXProject;
			attributes = {
				LastSwiftUpdateCheck = 1020;
				LastUpgradeCheck = 1020;
				ORGANIZATIONNAME = "Benjamin Angeria";
				TargetAttributes = {
					432DED9622E1F28D00DFA074 = {
						CreatedOnToolsVersion = 10.2.1;
						SystemCapabilities = {
							com.apple.Keychain = {
								enabled = 0;
							};
							com.apple.Push = {
								enabled = 1;
							};
							com.apple.SafariKeychain = {
								enabled = 0;
							};
						};
					};
					432DEDAC22E1F28E00DFA074 = {
						CreatedOnToolsVersion = 10.2.1;
						TestTargetID = 432DED9622E1F28D00DFA074;
					};
					432DEDB722E1F28E00DFA074 = {
						CreatedOnToolsVersion = 10.2.1;
						TestTargetID = 432DED9622E1F28D00DFA074;
					};
				};
			};
			buildConfigurationList = 432DED9222E1F28D00DFA074 /* Build configuration list for PBXProject "GeoCap" */;
			compatibilityVersion = "Xcode 9.3";
			developmentRegion = en;
			hasScannedForEncodings = 0;
			knownRegions = (
				en,
				Base,
				sv,
			);
			mainGroup = 432DED8E22E1F28D00DFA074;
			productRefGroup = 432DED9822E1F28D00DFA074 /* Products */;
			projectDirPath = "";
			projectRoot = "";
			targets = (
				432DED9622E1F28D00DFA074 /* GeoCap */,
				432DEDAC22E1F28E00DFA074 /* GeoCapTests */,
				432DEDB722E1F28E00DFA074 /* GeoCapUITests */,
			);
		};
/* End PBXProject section */

/* Begin PBXResourcesBuildPhase section */
		432DED9522E1F28D00DFA074 /* Resources */ = {
			isa = PBXResourcesBuildPhase;
			buildActionMask = 2147483647;
			files = (
				43109487230AC9020071F3A5 /* Localizable.strings in Resources */,
				4308FD77230ADD7E000A8BD0 /* InfoPlist.strings in Resources */,
				432DEDA722E1F28E00DFA074 /* LaunchScreen.storyboard in Resources */,
				43F8CFEE22F8064000824778 /* GoogleService-Info.plist in Resources */,
				432DEDA422E1F28E00DFA074 /* Assets.xcassets in Resources */,
				432DEDA222E1F28D00DFA074 /* Main.storyboard in Resources */,
			);
			runOnlyForDeploymentPostprocessing = 0;
		};
		432DEDAB22E1F28E00DFA074 /* Resources */ = {
			isa = PBXResourcesBuildPhase;
			buildActionMask = 2147483647;
			files = (
			);
			runOnlyForDeploymentPostprocessing = 0;
		};
		432DEDB622E1F28E00DFA074 /* Resources */ = {
			isa = PBXResourcesBuildPhase;
			buildActionMask = 2147483647;
			files = (
			);
			runOnlyForDeploymentPostprocessing = 0;
		};
/* End PBXResourcesBuildPhase section */

/* Begin PBXShellScriptBuildPhase section */
		2FEAAB61C8058657AB7B0BB3 /* [CP] Copy Pods Resources */ = {
			isa = PBXShellScriptBuildPhase;
			buildActionMask = 2147483647;
			files = (
			);
			inputFileListPaths = (
				"${PODS_ROOT}/Target Support Files/Pods-GeoCap/Pods-GeoCap-resources-${CONFIGURATION}-input-files.xcfilelist",
			);
			name = "[CP] Copy Pods Resources";
			outputFileListPaths = (
				"${PODS_ROOT}/Target Support Files/Pods-GeoCap/Pods-GeoCap-resources-${CONFIGURATION}-output-files.xcfilelist",
			);
			runOnlyForDeploymentPostprocessing = 0;
			shellPath = /bin/sh;
			shellScript = "\"${PODS_ROOT}/Target Support Files/Pods-GeoCap/Pods-GeoCap-resources.sh\"\n";
			showEnvVarsInLog = 0;
		};
		9A75A8B76EB53CB96027B60E /* [CP] Embed Pods Frameworks */ = {
			isa = PBXShellScriptBuildPhase;
			buildActionMask = 2147483647;
			files = (
			);
			inputFileListPaths = (
				"${PODS_ROOT}/Target Support Files/Pods-GeoCap/Pods-GeoCap-frameworks-${CONFIGURATION}-input-files.xcfilelist",
			);
			name = "[CP] Embed Pods Frameworks";
			outputFileListPaths = (
				"${PODS_ROOT}/Target Support Files/Pods-GeoCap/Pods-GeoCap-frameworks-${CONFIGURATION}-output-files.xcfilelist",
			);
			runOnlyForDeploymentPostprocessing = 0;
			shellPath = /bin/sh;
			shellScript = "\"${PODS_ROOT}/Target Support Files/Pods-GeoCap/Pods-GeoCap-frameworks.sh\"\n";
			showEnvVarsInLog = 0;
		};
		ABABFA1E312951CC98DFC9A0 /* [CP] Check Pods Manifest.lock */ = {
			isa = PBXShellScriptBuildPhase;
			buildActionMask = 2147483647;
			files = (
			);
			inputFileListPaths = (
			);
			inputPaths = (
				"${PODS_PODFILE_DIR_PATH}/Podfile.lock",
				"${PODS_ROOT}/Manifest.lock",
			);
			name = "[CP] Check Pods Manifest.lock";
			outputFileListPaths = (
			);
			outputPaths = (
				"$(DERIVED_FILE_DIR)/Pods-GeoCapTests-checkManifestLockResult.txt",
			);
			runOnlyForDeploymentPostprocessing = 0;
			shellPath = /bin/sh;
			shellScript = "diff \"${PODS_PODFILE_DIR_PATH}/Podfile.lock\" \"${PODS_ROOT}/Manifest.lock\" > /dev/null\nif [ $? != 0 ] ; then\n    # print error to STDERR\n    echo \"error: The sandbox is not in sync with the Podfile.lock. Run 'pod install' or update your CocoaPods installation.\" >&2\n    exit 1\nfi\n# This output is used by Xcode 'outputs' to avoid re-running this script phase.\necho \"SUCCESS\" > \"${SCRIPT_OUTPUT_FILE_0}\"\n";
			showEnvVarsInLog = 0;
		};
		C89860F1559DE3AF9A335C22 /* [CP] Check Pods Manifest.lock */ = {
			isa = PBXShellScriptBuildPhase;
			buildActionMask = 2147483647;
			files = (
			);
			inputFileListPaths = (
			);
			inputPaths = (
				"${PODS_PODFILE_DIR_PATH}/Podfile.lock",
				"${PODS_ROOT}/Manifest.lock",
			);
			name = "[CP] Check Pods Manifest.lock";
			outputFileListPaths = (
			);
			outputPaths = (
				"$(DERIVED_FILE_DIR)/Pods-GeoCapUITests-checkManifestLockResult.txt",
			);
			runOnlyForDeploymentPostprocessing = 0;
			shellPath = /bin/sh;
			shellScript = "diff \"${PODS_PODFILE_DIR_PATH}/Podfile.lock\" \"${PODS_ROOT}/Manifest.lock\" > /dev/null\nif [ $? != 0 ] ; then\n    # print error to STDERR\n    echo \"error: The sandbox is not in sync with the Podfile.lock. Run 'pod install' or update your CocoaPods installation.\" >&2\n    exit 1\nfi\n# This output is used by Xcode 'outputs' to avoid re-running this script phase.\necho \"SUCCESS\" > \"${SCRIPT_OUTPUT_FILE_0}\"\n";
			showEnvVarsInLog = 0;
		};
		D64086C64344CF6DDCF687D5 /* [CP] Check Pods Manifest.lock */ = {
			isa = PBXShellScriptBuildPhase;
			buildActionMask = 2147483647;
			files = (
			);
			inputFileListPaths = (
			);
			inputPaths = (
				"${PODS_PODFILE_DIR_PATH}/Podfile.lock",
				"${PODS_ROOT}/Manifest.lock",
			);
			name = "[CP] Check Pods Manifest.lock";
			outputFileListPaths = (
			);
			outputPaths = (
				"$(DERIVED_FILE_DIR)/Pods-GeoCap-checkManifestLockResult.txt",
			);
			runOnlyForDeploymentPostprocessing = 0;
			shellPath = /bin/sh;
			shellScript = "diff \"${PODS_PODFILE_DIR_PATH}/Podfile.lock\" \"${PODS_ROOT}/Manifest.lock\" > /dev/null\nif [ $? != 0 ] ; then\n    # print error to STDERR\n    echo \"error: The sandbox is not in sync with the Podfile.lock. Run 'pod install' or update your CocoaPods installation.\" >&2\n    exit 1\nfi\n# This output is used by Xcode 'outputs' to avoid re-running this script phase.\necho \"SUCCESS\" > \"${SCRIPT_OUTPUT_FILE_0}\"\n";
			showEnvVarsInLog = 0;
		};
/* End PBXShellScriptBuildPhase section */

/* Begin PBXSourcesBuildPhase section */
		432DED9322E1F28D00DFA074 /* Sources */ = {
			isa = PBXSourcesBuildPhase;
			buildActionMask = 2147483647;
			files = (
				432DED9B22E1F28D00DFA074 /* AppDelegate.swift in Sources */,
				43D7A12B22F2D49700552D2C /* Question.swift in Sources */,
				43D7A12D22F2F11900552D2C /* Extensions.swift in Sources */,
				432DED9D22E1F28D00DFA074 /* MapViewController.swift in Sources */,
				431A3D8D22EC496B002D6026 /* QuizViewController.swift in Sources */,
				43E5CF7522E5A81B00DBED2E /* Location.swift in Sources */,
				43615CAE23072E5F003FC839 /* ProfileViewController.swift in Sources */,
				43D6284322FDAD1800F72317 /* LeaderboardViewController.swift in Sources */,
				43D0268D22E314AF00A0C255 /* AuthViewController.swift in Sources */,
			);
			runOnlyForDeploymentPostprocessing = 0;
		};
		432DEDA922E1F28E00DFA074 /* Sources */ = {
			isa = PBXSourcesBuildPhase;
			buildActionMask = 2147483647;
			files = (
				432DEDB222E1F28E00DFA074 /* GeoCapTests.swift in Sources */,
			);
			runOnlyForDeploymentPostprocessing = 0;
		};
		432DEDB422E1F28E00DFA074 /* Sources */ = {
			isa = PBXSourcesBuildPhase;
			buildActionMask = 2147483647;
			files = (
				432DEDBD22E1F28E00DFA074 /* GeoCapUITests.swift in Sources */,
			);
			runOnlyForDeploymentPostprocessing = 0;
		};
/* End PBXSourcesBuildPhase section */

/* Begin PBXTargetDependency section */
		432DEDAF22E1F28E00DFA074 /* PBXTargetDependency */ = {
			isa = PBXTargetDependency;
			target = 432DED9622E1F28D00DFA074 /* GeoCap */;
			targetProxy = 432DEDAE22E1F28E00DFA074 /* PBXContainerItemProxy */;
		};
		432DEDBA22E1F28E00DFA074 /* PBXTargetDependency */ = {
			isa = PBXTargetDependency;
			target = 432DED9622E1F28D00DFA074 /* GeoCap */;
			targetProxy = 432DEDB922E1F28E00DFA074 /* PBXContainerItemProxy */;
		};
/* End PBXTargetDependency section */

/* Begin PBXVariantGroup section */
		4308FD75230ADD7E000A8BD0 /* InfoPlist.strings */ = {
			isa = PBXVariantGroup;
			children = (
				4308FD76230ADD7E000A8BD0 /* sv */,
			);
			name = InfoPlist.strings;
			sourceTree = "<group>";
		};
		43109489230AC9020071F3A5 /* Localizable.strings */ = {
			isa = PBXVariantGroup;
			children = (
				43109488230AC9020071F3A5 /* en */,
				4310948A230AC9040071F3A5 /* sv */,
			);
			name = Localizable.strings;
			sourceTree = "<group>";
		};
		432DEDA022E1F28D00DFA074 /* Main.storyboard */ = {
			isa = PBXVariantGroup;
			children = (
				432DEDA122E1F28D00DFA074 /* Base */,
				43109478230AA4FF0071F3A5 /* sv */,
			);
			name = Main.storyboard;
			sourceTree = "<group>";
		};
		432DEDA522E1F28E00DFA074 /* LaunchScreen.storyboard */ = {
			isa = PBXVariantGroup;
			children = (
				432DEDA622E1F28E00DFA074 /* Base */,
			);
			name = LaunchScreen.storyboard;
			sourceTree = "<group>";
		};
/* End PBXVariantGroup section */

/* Begin XCBuildConfiguration section */
		432DEDBF22E1F28E00DFA074 /* Debug */ = {
			isa = XCBuildConfiguration;
			buildSettings = {
				ALWAYS_SEARCH_USER_PATHS = NO;
				CLANG_ANALYZER_LOCALIZABILITY_NONLOCALIZED = YES;
				CLANG_ANALYZER_NONNULL = YES;
				CLANG_ANALYZER_NUMBER_OBJECT_CONVERSION = YES_AGGRESSIVE;
				CLANG_CXX_LANGUAGE_STANDARD = "gnu++14";
				CLANG_CXX_LIBRARY = "libc++";
				CLANG_ENABLE_MODULES = YES;
				CLANG_ENABLE_OBJC_ARC = YES;
				CLANG_ENABLE_OBJC_WEAK = YES;
				CLANG_WARN_BLOCK_CAPTURE_AUTORELEASING = YES;
				CLANG_WARN_BOOL_CONVERSION = YES;
				CLANG_WARN_COMMA = YES;
				CLANG_WARN_CONSTANT_CONVERSION = YES;
				CLANG_WARN_DEPRECATED_OBJC_IMPLEMENTATIONS = YES;
				CLANG_WARN_DIRECT_OBJC_ISA_USAGE = YES_ERROR;
				CLANG_WARN_DOCUMENTATION_COMMENTS = YES;
				CLANG_WARN_EMPTY_BODY = YES;
				CLANG_WARN_ENUM_CONVERSION = YES;
				CLANG_WARN_INFINITE_RECURSION = YES;
				CLANG_WARN_INT_CONVERSION = YES;
				CLANG_WARN_NON_LITERAL_NULL_CONVERSION = YES;
				CLANG_WARN_OBJC_IMPLICIT_RETAIN_SELF = YES;
				CLANG_WARN_OBJC_LITERAL_CONVERSION = YES;
				CLANG_WARN_OBJC_ROOT_CLASS = YES_ERROR;
				CLANG_WARN_RANGE_LOOP_ANALYSIS = YES;
				CLANG_WARN_STRICT_PROTOTYPES = YES;
				CLANG_WARN_SUSPICIOUS_MOVE = YES;
				CLANG_WARN_UNGUARDED_AVAILABILITY = YES_AGGRESSIVE;
				CLANG_WARN_UNREACHABLE_CODE = YES;
				CLANG_WARN__DUPLICATE_METHOD_MATCH = YES;
				CODE_SIGN_IDENTITY = "iPhone Developer";
				COPY_PHASE_STRIP = NO;
				DEBUG_INFORMATION_FORMAT = dwarf;
				ENABLE_STRICT_OBJC_MSGSEND = YES;
				ENABLE_TESTABILITY = YES;
				GCC_C_LANGUAGE_STANDARD = gnu11;
				GCC_DYNAMIC_NO_PIC = NO;
				GCC_NO_COMMON_BLOCKS = YES;
				GCC_OPTIMIZATION_LEVEL = 0;
				GCC_PREPROCESSOR_DEFINITIONS = (
					"DEBUG=1",
					"$(inherited)",
				);
				GCC_WARN_64_TO_32_BIT_CONVERSION = YES;
				GCC_WARN_ABOUT_RETURN_TYPE = YES_ERROR;
				GCC_WARN_UNDECLARED_SELECTOR = YES;
				GCC_WARN_UNINITIALIZED_AUTOS = YES_AGGRESSIVE;
				GCC_WARN_UNUSED_FUNCTION = YES;
				GCC_WARN_UNUSED_VARIABLE = YES;
				IPHONEOS_DEPLOYMENT_TARGET = 12.2;
				MTL_ENABLE_DEBUG_INFO = INCLUDE_SOURCE;
				MTL_FAST_MATH = YES;
				ONLY_ACTIVE_ARCH = YES;
				SDKROOT = iphoneos;
				SWIFT_ACTIVE_COMPILATION_CONDITIONS = DEBUG;
				SWIFT_OPTIMIZATION_LEVEL = "-Onone";
			};
			name = Debug;
		};
		432DEDC022E1F28E00DFA074 /* Release */ = {
			isa = XCBuildConfiguration;
			buildSettings = {
				ALWAYS_SEARCH_USER_PATHS = NO;
				CLANG_ANALYZER_LOCALIZABILITY_NONLOCALIZED = YES;
				CLANG_ANALYZER_NONNULL = YES;
				CLANG_ANALYZER_NUMBER_OBJECT_CONVERSION = YES_AGGRESSIVE;
				CLANG_CXX_LANGUAGE_STANDARD = "gnu++14";
				CLANG_CXX_LIBRARY = "libc++";
				CLANG_ENABLE_MODULES = YES;
				CLANG_ENABLE_OBJC_ARC = YES;
				CLANG_ENABLE_OBJC_WEAK = YES;
				CLANG_WARN_BLOCK_CAPTURE_AUTORELEASING = YES;
				CLANG_WARN_BOOL_CONVERSION = YES;
				CLANG_WARN_COMMA = YES;
				CLANG_WARN_CONSTANT_CONVERSION = YES;
				CLANG_WARN_DEPRECATED_OBJC_IMPLEMENTATIONS = YES;
				CLANG_WARN_DIRECT_OBJC_ISA_USAGE = YES_ERROR;
				CLANG_WARN_DOCUMENTATION_COMMENTS = YES;
				CLANG_WARN_EMPTY_BODY = YES;
				CLANG_WARN_ENUM_CONVERSION = YES;
				CLANG_WARN_INFINITE_RECURSION = YES;
				CLANG_WARN_INT_CONVERSION = YES;
				CLANG_WARN_NON_LITERAL_NULL_CONVERSION = YES;
				CLANG_WARN_OBJC_IMPLICIT_RETAIN_SELF = YES;
				CLANG_WARN_OBJC_LITERAL_CONVERSION = YES;
				CLANG_WARN_OBJC_ROOT_CLASS = YES_ERROR;
				CLANG_WARN_RANGE_LOOP_ANALYSIS = YES;
				CLANG_WARN_STRICT_PROTOTYPES = YES;
				CLANG_WARN_SUSPICIOUS_MOVE = YES;
				CLANG_WARN_UNGUARDED_AVAILABILITY = YES_AGGRESSIVE;
				CLANG_WARN_UNREACHABLE_CODE = YES;
				CLANG_WARN__DUPLICATE_METHOD_MATCH = YES;
				CODE_SIGN_IDENTITY = "iPhone Developer";
				COPY_PHASE_STRIP = NO;
				DEBUG_INFORMATION_FORMAT = "dwarf-with-dsym";
				ENABLE_NS_ASSERTIONS = NO;
				ENABLE_STRICT_OBJC_MSGSEND = YES;
				GCC_C_LANGUAGE_STANDARD = gnu11;
				GCC_NO_COMMON_BLOCKS = YES;
				GCC_WARN_64_TO_32_BIT_CONVERSION = YES;
				GCC_WARN_ABOUT_RETURN_TYPE = YES_ERROR;
				GCC_WARN_UNDECLARED_SELECTOR = YES;
				GCC_WARN_UNINITIALIZED_AUTOS = YES_AGGRESSIVE;
				GCC_WARN_UNUSED_FUNCTION = YES;
				GCC_WARN_UNUSED_VARIABLE = YES;
				IPHONEOS_DEPLOYMENT_TARGET = 12.2;
				MTL_ENABLE_DEBUG_INFO = NO;
				MTL_FAST_MATH = YES;
				SDKROOT = iphoneos;
				SWIFT_COMPILATION_MODE = wholemodule;
				SWIFT_OPTIMIZATION_LEVEL = "-O";
				VALIDATE_PRODUCT = YES;
			};
			name = Release;
		};
		432DEDC222E1F28E00DFA074 /* Debug */ = {
			isa = XCBuildConfiguration;
			baseConfigurationReference = A4B70B7749D2C4F7E71E820D /* Pods-GeoCap.debug.xcconfig */;
			buildSettings = {
				ASSETCATALOG_COMPILER_APPICON_NAME = AppIcon;
				CODE_SIGN_ENTITLEMENTS = GeoCap/GeoCap.entitlements;
				CODE_SIGN_STYLE = Automatic;
				DEVELOPMENT_TEAM = 934788YR3T;
				INFOPLIST_FILE = GeoCap/Info.plist;
				IPHONEOS_DEPLOYMENT_TARGET = 12.0;
				LD_RUNPATH_SEARCH_PATHS = (
					"$(inherited)",
					"@executable_path/Frameworks",
				);
				PRODUCT_BUNDLE_IDENTIFIER = se.angeria.geocap;
				PRODUCT_NAME = "$(TARGET_NAME)";
				SWIFT_VERSION = 5.0;
				TARGETED_DEVICE_FAMILY = 1;
			};
			name = Debug;
		};
		432DEDC322E1F28E00DFA074 /* Release */ = {
			isa = XCBuildConfiguration;
			baseConfigurationReference = B77FED62B589C3E94D6FC9FF /* Pods-GeoCap.release.xcconfig */;
			buildSettings = {
				ASSETCATALOG_COMPILER_APPICON_NAME = AppIcon;
				CODE_SIGN_ENTITLEMENTS = GeoCap/GeoCap.entitlements;
				CODE_SIGN_STYLE = Automatic;
				DEVELOPMENT_TEAM = 934788YR3T;
				INFOPLIST_FILE = GeoCap/Info.plist;
				IPHONEOS_DEPLOYMENT_TARGET = 12.0;
				LD_RUNPATH_SEARCH_PATHS = (
					"$(inherited)",
					"@executable_path/Frameworks",
				);
				PRODUCT_BUNDLE_IDENTIFIER = se.angeria.geocap;
				PRODUCT_NAME = "$(TARGET_NAME)";
				SWIFT_VERSION = 5.0;
				TARGETED_DEVICE_FAMILY = 1;
			};
			name = Release;
		};
		432DEDC522E1F28E00DFA074 /* Debug */ = {
			isa = XCBuildConfiguration;
			baseConfigurationReference = E037D898D302A90A489BDC09 /* Pods-GeoCapTests.debug.xcconfig */;
			buildSettings = {
				ALWAYS_EMBED_SWIFT_STANDARD_LIBRARIES = YES;
				BUNDLE_LOADER = "$(TEST_HOST)";
				CODE_SIGN_STYLE = Automatic;
				DEVELOPMENT_TEAM = 934788YR3T;
				INFOPLIST_FILE = GeoCapTests/Info.plist;
				LD_RUNPATH_SEARCH_PATHS = (
					"$(inherited)",
					"@executable_path/Frameworks",
					"@loader_path/Frameworks",
				);
				PRODUCT_BUNDLE_IDENTIFIER = "Benjamin-Angeria.GeoCapTests";
				PRODUCT_NAME = "$(TARGET_NAME)";
				SWIFT_VERSION = 5.0;
				TARGETED_DEVICE_FAMILY = "1,2";
				TEST_HOST = "$(BUILT_PRODUCTS_DIR)/GeoCap.app/GeoCap";
			};
			name = Debug;
		};
		432DEDC622E1F28E00DFA074 /* Release */ = {
			isa = XCBuildConfiguration;
			baseConfigurationReference = 1CB1574DE0F1D41ABC35D57A /* Pods-GeoCapTests.release.xcconfig */;
			buildSettings = {
				ALWAYS_EMBED_SWIFT_STANDARD_LIBRARIES = YES;
				BUNDLE_LOADER = "$(TEST_HOST)";
				CODE_SIGN_STYLE = Automatic;
				DEVELOPMENT_TEAM = 934788YR3T;
				INFOPLIST_FILE = GeoCapTests/Info.plist;
				LD_RUNPATH_SEARCH_PATHS = (
					"$(inherited)",
					"@executable_path/Frameworks",
					"@loader_path/Frameworks",
				);
				PRODUCT_BUNDLE_IDENTIFIER = "Benjamin-Angeria.GeoCapTests";
				PRODUCT_NAME = "$(TARGET_NAME)";
				SWIFT_VERSION = 5.0;
				TARGETED_DEVICE_FAMILY = "1,2";
				TEST_HOST = "$(BUILT_PRODUCTS_DIR)/GeoCap.app/GeoCap";
			};
			name = Release;
		};
		432DEDC822E1F28E00DFA074 /* Debug */ = {
			isa = XCBuildConfiguration;
			baseConfigurationReference = 48885E039B9EF0540DBCEA8A /* Pods-GeoCapUITests.debug.xcconfig */;
			buildSettings = {
				ALWAYS_EMBED_SWIFT_STANDARD_LIBRARIES = YES;
				CODE_SIGN_STYLE = Automatic;
				DEVELOPMENT_TEAM = 934788YR3T;
				INFOPLIST_FILE = GeoCapUITests/Info.plist;
				LD_RUNPATH_SEARCH_PATHS = (
					"$(inherited)",
					"@executable_path/Frameworks",
					"@loader_path/Frameworks",
				);
				PRODUCT_BUNDLE_IDENTIFIER = "Benjamin-Angeria.GeoCapUITests";
				PRODUCT_NAME = "$(TARGET_NAME)";
				SWIFT_VERSION = 5.0;
				TARGETED_DEVICE_FAMILY = "1,2";
				TEST_TARGET_NAME = GeoCap;
			};
			name = Debug;
		};
		432DEDC922E1F28E00DFA074 /* Release */ = {
			isa = XCBuildConfiguration;
			baseConfigurationReference = 9359028A237B8370B9E6A7E4 /* Pods-GeoCapUITests.release.xcconfig */;
			buildSettings = {
				ALWAYS_EMBED_SWIFT_STANDARD_LIBRARIES = YES;
				CODE_SIGN_STYLE = Automatic;
				DEVELOPMENT_TEAM = 934788YR3T;
				INFOPLIST_FILE = GeoCapUITests/Info.plist;
				LD_RUNPATH_SEARCH_PATHS = (
					"$(inherited)",
					"@executable_path/Frameworks",
					"@loader_path/Frameworks",
				);
				PRODUCT_BUNDLE_IDENTIFIER = "Benjamin-Angeria.GeoCapUITests";
				PRODUCT_NAME = "$(TARGET_NAME)";
				SWIFT_VERSION = 5.0;
				TARGETED_DEVICE_FAMILY = "1,2";
				TEST_TARGET_NAME = GeoCap;
			};
			name = Release;
		};
/* End XCBuildConfiguration section */

/* Begin XCConfigurationList section */
		432DED9222E1F28D00DFA074 /* Build configuration list for PBXProject "GeoCap" */ = {
			isa = XCConfigurationList;
			buildConfigurations = (
				432DEDBF22E1F28E00DFA074 /* Debug */,
				432DEDC022E1F28E00DFA074 /* Release */,
			);
			defaultConfigurationIsVisible = 0;
			defaultConfigurationName = Release;
		};
		432DEDC122E1F28E00DFA074 /* Build configuration list for PBXNativeTarget "GeoCap" */ = {
			isa = XCConfigurationList;
			buildConfigurations = (
				432DEDC222E1F28E00DFA074 /* Debug */,
				432DEDC322E1F28E00DFA074 /* Release */,
			);
			defaultConfigurationIsVisible = 0;
			defaultConfigurationName = Release;
		};
		432DEDC422E1F28E00DFA074 /* Build configuration list for PBXNativeTarget "GeoCapTests" */ = {
			isa = XCConfigurationList;
			buildConfigurations = (
				432DEDC522E1F28E00DFA074 /* Debug */,
				432DEDC622E1F28E00DFA074 /* Release */,
			);
			defaultConfigurationIsVisible = 0;
			defaultConfigurationName = Release;
		};
		432DEDC722E1F28E00DFA074 /* Build configuration list for PBXNativeTarget "GeoCapUITests" */ = {
			isa = XCConfigurationList;
			buildConfigurations = (
				432DEDC822E1F28E00DFA074 /* Debug */,
				432DEDC922E1F28E00DFA074 /* Release */,
			);
			defaultConfigurationIsVisible = 0;
			defaultConfigurationName = Release;
		};
/* End XCConfigurationList section */
	};
	rootObject = 432DED8F22E1F28D00DFA074 /* Project object */;
}
